
Microsoft Visual Studio Solution File, Format Version 12.00
# Visual Studio Version 17
VisualStudioVersion = 17.7.34221.43
MinimumVisualStudioVersion = 10.0.40219.1
Project("{FAE04EC0-301F-11D3-BF4B-00C04F79EFBC}") = "OperacaoCuriosidade", "OperacaoCuriosidade\OperacaoCuriosidade.csproj", "{98EA7FF1-389E-444F-B134-4ADD37B857EB}"
EndProject
Global
	GlobalSection(SolutionConfigurationPlatforms) = preSolution
		Debug|Any CPU = Debug|Any CPU
		Release|Any CPU = Release|Any CPU
	EndGlobalSection
	GlobalSection(ProjectConfigurationPlatforms) = postSolution
		{98EA7FF1-389E-444F-B134-4ADD37B857EB}.Debug|Any CPU.ActiveCfg = Debug|Any CPU
		{98EA7FF1-389E-444F-B134-4ADD37B857EB}.Debug|Any CPU.Build.0 = Debug|Any CPU
		{98EA7FF1-389E-444F-B134-4ADD37B857EB}.Release|Any CPU.ActiveCfg = Release|Any CPU
		{98EA7FF1-389E-444F-B134-4ADD37B857EB}.Release|Any CPU.Build.0 = Release|Any CPU
	EndGlobalSection
	GlobalSection(SolutionProperties) = preSolution
		HideSolutionNode = FALSE
	EndGlobalSection
	GlobalSection(ExtensibilityGlobals) = postSolution
		SolutionGuid = {44C6B594-CE2F-47DC-B1CF-4A5662277859}
	EndGlobalSection
EndGlobal
